
Microsoft Visual Studio Solution File, Format Version 12.00
# Visual Studio 15
VisualStudioVersion = 15.0.26430.16
MinimumVisualStudioVersion = 10.0.40219.1
Project("{FAE04EC0-301F-11D3-BF4B-00C04F79EFBC}") = "NetworkItWPF", "NetworkItWPF\NetworkItWPF.csproj", "{805BC196-A8DF-4697-A157-9F1A32E29608}"
EndProject
Project("{FAE04EC0-301F-11D3-BF4B-00C04F79EFBC}") = "NetworkItPortable", "NetworkItPortable\NetworkItPortable.csproj", "{11D21BA1-62DB-44C3-89E1-38A5C7D717F8}"
EndProject
Project("{FAE04EC0-301F-11D3-BF4B-00C04F79EFBC}") = "NetworkItPokeDemo", "NetworkItPokeDemo\NetworkItPokeDemo.csproj", "{EB48BB1A-E3EF-4285-B2B8-C290F7CE09F1}"
EndProject
Global
	GlobalSection(SolutionConfigurationPlatforms) = preSolution
		Debug|Any CPU = Debug|Any CPU
		Release|Any CPU = Release|Any CPU
	EndGlobalSection
	GlobalSection(ProjectConfigurationPlatforms) = postSolution
		{805BC196-A8DF-4697-A157-9F1A32E29608}.Debug|Any CPU.ActiveCfg = Debug|Any CPU
		{805BC196-A8DF-4697-A157-9F1A32E29608}.Debug|Any CPU.Build.0 = Debug|Any CPU
		{805BC196-A8DF-4697-A157-9F1A32E29608}.Release|Any CPU.ActiveCfg = Release|Any CPU
		{805BC196-A8DF-4697-A157-9F1A32E29608}.Release|Any CPU.Build.0 = Release|Any CPU
		{11D21BA1-62DB-44C3-89E1-38A5C7D717F8}.Debug|Any CPU.ActiveCfg = Debug|Any CPU
		{11D21BA1-62DB-44C3-89E1-38A5C7D717F8}.Debug|Any CPU.Build.0 = Debug|Any CPU
		{11D21BA1-62DB-44C3-89E1-38A5C7D717F8}.Release|Any CPU.ActiveCfg = Release|Any CPU
		{11D21BA1-62DB-44C3-89E1-38A5C7D717F8}.Release|Any CPU.Build.0 = Release|Any CPU
		{EB48BB1A-E3EF-4285-B2B8-C290F7CE09F1}.Debug|Any CPU.ActiveCfg = Debug|Any CPU
		{EB48BB1A-E3EF-4285-B2B8-C290F7CE09F1}.Debug|Any CPU.Build.0 = Debug|Any CPU
		{EB48BB1A-E3EF-4285-B2B8-C290F7CE09F1}.Release|Any CPU.ActiveCfg = Release|Any CPU
		{EB48BB1A-E3EF-4285-B2B8-C290F7CE09F1}.Release|Any CPU.Build.0 = Release|Any CPU
	EndGlobalSection
	GlobalSection(SolutionProperties) = preSolution
		HideSolutionNode = FALSE
	EndGlobalSection
EndGlobal
