
Microsoft Visual Studio Solution File, Format Version 12.00
# Visual Studio 2013
VisualStudioVersion = 12.0.40629.0
MinimumVisualStudioVersion = 10.0.40219.1
Project("{FAE04EC0-301F-11D3-BF4B-00C04F79EFBC}") = "NetworkIt", "NetworkIt\NetworkIt.csproj", "{11D21BA1-62DB-44C3-89E1-38A5C7D717F8}"
EndProject
Project("{FAE04EC0-301F-11D3-BF4B-00C04F79EFBC}") = "NetworkItTest", "NetworkItTest\NetworkItTest.csproj", "{F872D2BD-6854-443C-9AF6-60F9A84215B8}"
EndProject
Project("{FAE04EC0-301F-11D3-BF4B-00C04F79EFBC}") = "NetworkItWPF", "NetworkItWPF\NetworkItWPF.csproj", "{DC52EF8F-589E-4080-AE35-9E1A46A0CE08}"
EndProject
Project("{FAE04EC0-301F-11D3-BF4B-00C04F79EFBC}") = "NetworkItWPFTest", "NetworkItWPFTest\NetworkItWPFTest.csproj", "{28C08B66-9231-4171-B5DD-169CA741A69E}"
EndProject
Project("{FAE04EC0-301F-11D3-BF4B-00C04F79EFBC}") = "NetworkItWPF-2", "NetworkItWPF-2\NetworkItWPF-2.csproj", "{2E7C59BC-045D-4982-9411-A1068BCA6888}"
EndProject
Project("{FAE04EC0-301F-11D3-BF4B-00C04F79EFBC}") = "App1", "App1\App1.csproj", "{3690FA96-F777-4F06-94B7-824F0ACBF5B0}"
EndProject
Global
	GlobalSection(SolutionConfigurationPlatforms) = preSolution
		Debug|Any CPU = Debug|Any CPU
		Debug|ARM = Debug|ARM
		Debug|x64 = Debug|x64
		Debug|x86 = Debug|x86
		Release|Any CPU = Release|Any CPU
		Release|ARM = Release|ARM
		Release|x64 = Release|x64
		Release|x86 = Release|x86
	EndGlobalSection
	GlobalSection(ProjectConfigurationPlatforms) = postSolution
		{11D21BA1-62DB-44C3-89E1-38A5C7D717F8}.Debug|Any CPU.ActiveCfg = Debug|Any CPU
		{11D21BA1-62DB-44C3-89E1-38A5C7D717F8}.Debug|Any CPU.Build.0 = Debug|Any CPU
		{11D21BA1-62DB-44C3-89E1-38A5C7D717F8}.Debug|ARM.ActiveCfg = Debug|Any CPU
		{11D21BA1-62DB-44C3-89E1-38A5C7D717F8}.Debug|x64.ActiveCfg = Debug|Any CPU
		{11D21BA1-62DB-44C3-89E1-38A5C7D717F8}.Debug|x86.ActiveCfg = Debug|Any CPU
		{11D21BA1-62DB-44C3-89E1-38A5C7D717F8}.Release|Any CPU.ActiveCfg = Release|Any CPU
		{11D21BA1-62DB-44C3-89E1-38A5C7D717F8}.Release|Any CPU.Build.0 = Release|Any CPU
		{11D21BA1-62DB-44C3-89E1-38A5C7D717F8}.Release|ARM.ActiveCfg = Release|Any CPU
		{11D21BA1-62DB-44C3-89E1-38A5C7D717F8}.Release|x64.ActiveCfg = Release|Any CPU
		{11D21BA1-62DB-44C3-89E1-38A5C7D717F8}.Release|x86.ActiveCfg = Release|Any CPU
		{F872D2BD-6854-443C-9AF6-60F9A84215B8}.Debug|Any CPU.ActiveCfg = Debug|Any CPU
		{F872D2BD-6854-443C-9AF6-60F9A84215B8}.Debug|Any CPU.Build.0 = Debug|Any CPU
		{F872D2BD-6854-443C-9AF6-60F9A84215B8}.Debug|Any CPU.Deploy.0 = Debug|Any CPU
		{F872D2BD-6854-443C-9AF6-60F9A84215B8}.Debug|ARM.ActiveCfg = Debug|ARM
		{F872D2BD-6854-443C-9AF6-60F9A84215B8}.Debug|ARM.Build.0 = Debug|ARM
		{F872D2BD-6854-443C-9AF6-60F9A84215B8}.Debug|ARM.Deploy.0 = Debug|ARM
		{F872D2BD-6854-443C-9AF6-60F9A84215B8}.Debug|x64.ActiveCfg = Debug|x64
		{F872D2BD-6854-443C-9AF6-60F9A84215B8}.Debug|x64.Build.0 = Debug|x64
		{F872D2BD-6854-443C-9AF6-60F9A84215B8}.Debug|x64.Deploy.0 = Debug|x64
		{F872D2BD-6854-443C-9AF6-60F9A84215B8}.Debug|x86.ActiveCfg = Debug|x86
		{F872D2BD-6854-443C-9AF6-60F9A84215B8}.Debug|x86.Build.0 = Debug|x86
		{F872D2BD-6854-443C-9AF6-60F9A84215B8}.Debug|x86.Deploy.0 = Debug|x86
		{F872D2BD-6854-443C-9AF6-60F9A84215B8}.Release|Any CPU.ActiveCfg = Release|Any CPU
		{F872D2BD-6854-443C-9AF6-60F9A84215B8}.Release|Any CPU.Build.0 = Release|Any CPU
		{F872D2BD-6854-443C-9AF6-60F9A84215B8}.Release|Any CPU.Deploy.0 = Release|Any CPU
		{F872D2BD-6854-443C-9AF6-60F9A84215B8}.Release|ARM.ActiveCfg = Release|ARM
		{F872D2BD-6854-443C-9AF6-60F9A84215B8}.Release|ARM.Build.0 = Release|ARM
		{F872D2BD-6854-443C-9AF6-60F9A84215B8}.Release|ARM.Deploy.0 = Release|ARM
		{F872D2BD-6854-443C-9AF6-60F9A84215B8}.Release|x64.ActiveCfg = Release|x64
		{F872D2BD-6854-443C-9AF6-60F9A84215B8}.Release|x64.Build.0 = Release|x64
		{F872D2BD-6854-443C-9AF6-60F9A84215B8}.Release|x64.Deploy.0 = Release|x64
		{F872D2BD-6854-443C-9AF6-60F9A84215B8}.Release|x86.ActiveCfg = Release|x86
		{F872D2BD-6854-443C-9AF6-60F9A84215B8}.Release|x86.Build.0 = Release|x86
		{F872D2BD-6854-443C-9AF6-60F9A84215B8}.Release|x86.Deploy.0 = Release|x86
		{DC52EF8F-589E-4080-AE35-9E1A46A0CE08}.Debug|Any CPU.ActiveCfg = Debug|Any CPU
		{DC52EF8F-589E-4080-AE35-9E1A46A0CE08}.Debug|Any CPU.Build.0 = Debug|Any CPU
		{DC52EF8F-589E-4080-AE35-9E1A46A0CE08}.Debug|ARM.ActiveCfg = Debug|Any CPU
		{DC52EF8F-589E-4080-AE35-9E1A46A0CE08}.Debug|x64.ActiveCfg = Debug|Any CPU
		{DC52EF8F-589E-4080-AE35-9E1A46A0CE08}.Debug|x86.ActiveCfg = Debug|Any CPU
		{DC52EF8F-589E-4080-AE35-9E1A46A0CE08}.Release|Any CPU.ActiveCfg = Release|Any CPU
		{DC52EF8F-589E-4080-AE35-9E1A46A0CE08}.Release|Any CPU.Build.0 = Release|Any CPU
		{DC52EF8F-589E-4080-AE35-9E1A46A0CE08}.Release|ARM.ActiveCfg = Release|Any CPU
		{DC52EF8F-589E-4080-AE35-9E1A46A0CE08}.Release|x64.ActiveCfg = Release|Any CPU
		{DC52EF8F-589E-4080-AE35-9E1A46A0CE08}.Release|x86.ActiveCfg = Release|Any CPU
		{28C08B66-9231-4171-B5DD-169CA741A69E}.Debug|Any CPU.ActiveCfg = Debug|Any CPU
		{28C08B66-9231-4171-B5DD-169CA741A69E}.Debug|Any CPU.Build.0 = Debug|Any CPU
		{28C08B66-9231-4171-B5DD-169CA741A69E}.Debug|ARM.ActiveCfg = Debug|Any CPU
		{28C08B66-9231-4171-B5DD-169CA741A69E}.Debug|x64.ActiveCfg = Debug|Any CPU
		{28C08B66-9231-4171-B5DD-169CA741A69E}.Debug|x86.ActiveCfg = Debug|Any CPU
		{28C08B66-9231-4171-B5DD-169CA741A69E}.Release|Any CPU.ActiveCfg = Release|Any CPU
		{28C08B66-9231-4171-B5DD-169CA741A69E}.Release|Any CPU.Build.0 = Release|Any CPU
		{28C08B66-9231-4171-B5DD-169CA741A69E}.Release|ARM.ActiveCfg = Release|Any CPU
		{28C08B66-9231-4171-B5DD-169CA741A69E}.Release|x64.ActiveCfg = Release|Any CPU
		{28C08B66-9231-4171-B5DD-169CA741A69E}.Release|x86.ActiveCfg = Release|Any CPU
		{2E7C59BC-045D-4982-9411-A1068BCA6888}.Debug|Any CPU.ActiveCfg = Debug|Any CPU
		{2E7C59BC-045D-4982-9411-A1068BCA6888}.Debug|Any CPU.Build.0 = Debug|Any CPU
		{2E7C59BC-045D-4982-9411-A1068BCA6888}.Debug|ARM.ActiveCfg = Debug|Any CPU
		{2E7C59BC-045D-4982-9411-A1068BCA6888}.Debug|x64.ActiveCfg = Debug|Any CPU
		{2E7C59BC-045D-4982-9411-A1068BCA6888}.Debug|x86.ActiveCfg = Debug|Any CPU
		{2E7C59BC-045D-4982-9411-A1068BCA6888}.Release|Any CPU.ActiveCfg = Release|Any CPU
		{2E7C59BC-045D-4982-9411-A1068BCA6888}.Release|Any CPU.Build.0 = Release|Any CPU
		{2E7C59BC-045D-4982-9411-A1068BCA6888}.Release|ARM.ActiveCfg = Release|Any CPU
		{2E7C59BC-045D-4982-9411-A1068BCA6888}.Release|x64.ActiveCfg = Release|Any CPU
		{2E7C59BC-045D-4982-9411-A1068BCA6888}.Release|x86.ActiveCfg = Release|Any CPU
		{3690FA96-F777-4F06-94B7-824F0ACBF5B0}.Debug|Any CPU.ActiveCfg = Debug|Any CPU
		{3690FA96-F777-4F06-94B7-824F0ACBF5B0}.Debug|Any CPU.Build.0 = Debug|Any CPU
		{3690FA96-F777-4F06-94B7-824F0ACBF5B0}.Debug|Any CPU.Deploy.0 = Debug|Any CPU
		{3690FA96-F777-4F06-94B7-824F0ACBF5B0}.Debug|ARM.ActiveCfg = Debug|ARM
		{3690FA96-F777-4F06-94B7-824F0ACBF5B0}.Debug|ARM.Build.0 = Debug|ARM
		{3690FA96-F777-4F06-94B7-824F0ACBF5B0}.Debug|ARM.Deploy.0 = Debug|ARM
		{3690FA96-F777-4F06-94B7-824F0ACBF5B0}.Debug|x64.ActiveCfg = Debug|Any CPU
		{3690FA96-F777-4F06-94B7-824F0ACBF5B0}.Debug|x86.ActiveCfg = Debug|x86
		{3690FA96-F777-4F06-94B7-824F0ACBF5B0}.Debug|x86.Build.0 = Debug|x86
		{3690FA96-F777-4F06-94B7-824F0ACBF5B0}.Debug|x86.Deploy.0 = Debug|x86
		{3690FA96-F777-4F06-94B7-824F0ACBF5B0}.Release|Any CPU.ActiveCfg = Release|Any CPU
		{3690FA96-F777-4F06-94B7-824F0ACBF5B0}.Release|Any CPU.Build.0 = Release|Any CPU
		{3690FA96-F777-4F06-94B7-824F0ACBF5B0}.Release|Any CPU.Deploy.0 = Release|Any CPU
		{3690FA96-F777-4F06-94B7-824F0ACBF5B0}.Release|ARM.ActiveCfg = Release|ARM
		{3690FA96-F777-4F06-94B7-824F0ACBF5B0}.Release|ARM.Build.0 = Release|ARM
		{3690FA96-F777-4F06-94B7-824F0ACBF5B0}.Release|ARM.Deploy.0 = Release|ARM
		{3690FA96-F777-4F06-94B7-824F0ACBF5B0}.Release|x64.ActiveCfg = Release|Any CPU
		{3690FA96-F777-4F06-94B7-824F0ACBF5B0}.Release|x86.ActiveCfg = Release|x86
		{3690FA96-F777-4F06-94B7-824F0ACBF5B0}.Release|x86.Build.0 = Release|x86
		{3690FA96-F777-4F06-94B7-824F0ACBF5B0}.Release|x86.Deploy.0 = Release|x86
	EndGlobalSection
	GlobalSection(SolutionProperties) = preSolution
		HideSolutionNode = FALSE
	EndGlobalSection
EndGlobal
